
Microsoft Visual Studio Solution File, Format Version 12.00
# Visual Studio Version 16
VisualStudioVersion = 16.0.32126.315
MinimumVisualStudioVersion = 10.0.40219.1
Project("{8BC9CEB8-8B4A-11D0-8D11-00A0C91BC942}") = "Kasyan_Lab3", "Kasyan_Lab3.vcxproj", "{964F3A33-9C99-44C5-9BBA-7163794A5962}"
EndProject
Project("{8BC9CEB8-8B4A-11D0-8D11-00A0C91BC942}") = "lab3_test", "..\lab3_test\lab3_test.vcxproj", "{77263EDF-56A3-473A-AF4E-0E9DDA73B84D}"
EndProject
Global
	GlobalSection(SolutionConfigurationPlatforms) = preSolution
		Debug|x64 = Debug|x64
		Debug|x86 = Debug|x86
		Release|x64 = Release|x64
		Release|x86 = Release|x86
	EndGlobalSection
	GlobalSection(ProjectConfigurationPlatforms) = postSolution
		{964F3A33-9C99-44C5-9BBA-7163794A5962}.Debug|x64.ActiveCfg = Debug|x64
		{964F3A33-9C99-44C5-9BBA-7163794A5962}.Debug|x64.Build.0 = Debug|x64
		{964F3A33-9C99-44C5-9BBA-7163794A5962}.Debug|x86.ActiveCfg = Debug|Win32
		{964F3A33-9C99-44C5-9BBA-7163794A5962}.Debug|x86.Build.0 = Debug|Win32
		{964F3A33-9C99-44C5-9BBA-7163794A5962}.Release|x64.ActiveCfg = Release|x64
		{964F3A33-9C99-44C5-9BBA-7163794A5962}.Release|x64.Build.0 = Release|x64
		{964F3A33-9C99-44C5-9BBA-7163794A5962}.Release|x86.ActiveCfg = Release|Win32
		{964F3A33-9C99-44C5-9BBA-7163794A5962}.Release|x86.Build.0 = Release|Win32
		{77263EDF-56A3-473A-AF4E-0E9DDA73B84D}.Debug|x64.ActiveCfg = Debug|x64
		{77263EDF-56A3-473A-AF4E-0E9DDA73B84D}.Debug|x64.Build.0 = Debug|x64
		{77263EDF-56A3-473A-AF4E-0E9DDA73B84D}.Debug|x86.ActiveCfg = Debug|Win32
		{77263EDF-56A3-473A-AF4E-0E9DDA73B84D}.Debug|x86.Build.0 = Debug|Win32
		{77263EDF-56A3-473A-AF4E-0E9DDA73B84D}.Release|x64.ActiveCfg = Release|x64
		{77263EDF-56A3-473A-AF4E-0E9DDA73B84D}.Release|x64.Build.0 = Release|x64
		{77263EDF-56A3-473A-AF4E-0E9DDA73B84D}.Release|x86.ActiveCfg = Release|Win32
		{77263EDF-56A3-473A-AF4E-0E9DDA73B84D}.Release|x86.Build.0 = Release|Win32
	EndGlobalSection
	GlobalSection(SolutionProperties) = preSolution
		HideSolutionNode = FALSE
	EndGlobalSection
	GlobalSection(ExtensibilityGlobals) = postSolution
		SolutionGuid = {8FD13B2D-8E57-4DDA-84E2-A3B10D512A80}
	EndGlobalSection
EndGlobal
